
Microsoft Visual Studio Solution File, Format Version 12.00
# Visual Studio Version 17
VisualStudioVersion = 17.5.33414.496
MinimumVisualStudioVersion = 10.0.40219.1
Project("{FAE04EC0-301F-11D3-BF4B-00C04F79EFBC}") = "ConsoleUI", "ConsoleUI\ConsoleUI.csproj", "{644ED898-A389-4486-9C0E-B729FFCD9198}"
EndProject
Global
	GlobalSection(SolutionConfigurationPlatforms) = preSolution
		Debug|Any CPU = Debug|Any CPU
		Release|Any CPU = Release|Any CPU
	EndGlobalSection
	GlobalSection(ProjectConfigurationPlatforms) = postSolution
		{644ED898-A389-4486-9C0E-B729FFCD9198}.Debug|Any CPU.ActiveCfg = Debug|Any CPU
		{644ED898-A389-4486-9C0E-B729FFCD9198}.Debug|Any CPU.Build.0 = Debug|Any CPU
		{644ED898-A389-4486-9C0E-B729FFCD9198}.Release|Any CPU.ActiveCfg = Release|Any CPU
		{644ED898-A389-4486-9C0E-B729FFCD9198}.Release|Any CPU.Build.0 = Release|Any CPU
	EndGlobalSection
	GlobalSection(SolutionProperties) = preSolution
		HideSolutionNode = FALSE
	EndGlobalSection
	GlobalSection(ExtensibilityGlobals) = postSolution
		SolutionGuid = {6E8F3A9B-53BF-475C-B429-18CBABD494E5}
	EndGlobalSection
EndGlobal
